
Microsoft Visual Studio Solution File, Format Version 12.00
# Visual Studio Version 16
VisualStudioVersion = 16.0.31729.503
MinimumVisualStudioVersion = 10.0.40219.1
Project("{151D2E53-A2C4-4D7D-83FE-D05416EBD58E}") = "logicappArmTemplate", "logicappArmTemplate\logicappArmTemplate.deployproj", "{4DDE3850-2B16-4C3F-A324-9533EB17222C}"
EndProject
Global
	GlobalSection(SolutionConfigurationPlatforms) = preSolution
		Debug|Any CPU = Debug|Any CPU
		Release|Any CPU = Release|Any CPU
	EndGlobalSection
	GlobalSection(ProjectConfigurationPlatforms) = postSolution
		{4DDE3850-2B16-4C3F-A324-9533EB17222C}.Debug|Any CPU.ActiveCfg = Debug|Any CPU
		{4DDE3850-2B16-4C3F-A324-9533EB17222C}.Debug|Any CPU.Build.0 = Debug|Any CPU
		{4DDE3850-2B16-4C3F-A324-9533EB17222C}.Release|Any CPU.ActiveCfg = Release|Any CPU
		{4DDE3850-2B16-4C3F-A324-9533EB17222C}.Release|Any CPU.Build.0 = Release|Any CPU
	EndGlobalSection
	GlobalSection(SolutionProperties) = preSolution
		HideSolutionNode = FALSE
	EndGlobalSection
	GlobalSection(ExtensibilityGlobals) = postSolution
		SolutionGuid = {082F7243-8201-42A5-BCD3-414F5C33FB98}
	EndGlobalSection
EndGlobal
